<?xml version="1.0" encoding="UTF-8"?>
<Scheme
   LastUpgradeVersion = "1620"
   version = "1.7">
   <BuildAction
      parallelizeBuildables = "YES"
      buildImplicitDependencies = "YES"
      buildArchitectures = "Automatic">
      <BuildActionEntries>
         <BuildActionEntry
            buildForTesting = "YES"
            buildForRunning = "YES"
            buildForProfiling = "YES"
            buildForArchiving = "YES"
            buildForAnalyzing = "YES">
            <BuildableReference
               BuildableIdentifier = "primary"
               BlueprintIdentifier = "App"
               BuildableName = "App"
               BlueprintName = "App"
               ReferencedContainer = "container:">
            </BuildableReference>
         </BuildActionEntry>
      </BuildActionEntries>
   </BuildAction>
   <TestAction
      buildConfiguration = "Debug"
      selectedDebuggerIdentifier = "Xcode.DebuggerFoundation.Debugger.LLDB"
      selectedLauncherIdentifier = "Xcode.DebuggerFoundation.Launcher.LLDB"
      shouldUseLaunchSchemeArgsEnv = "YES"
      shouldAutocreateTestPlan = "YES">
      <Testables>
         <TestableReference
            skipped = "NO">
            <BuildableReference
               BuildableIdentifier = "primary"
               BlueprintIdentifier = "AppTests"
               BuildableName = "AppTests"
               BlueprintName = "AppTests"
               ReferencedContainer = "container:">
            </BuildableReference>
         </TestableReference>
      </Testables>
   </TestAction>
   <LaunchAction
      buildConfiguration = "Debug"
      selectedDebuggerIdentifier = "Xcode.DebuggerFoundation.Debugger.LLDB"
      selectedLauncherIdentifier = "Xcode.DebuggerFoundation.Launcher.LLDB"
      launchStyle = "0"
      useCustomWorkingDirectory = "YES"
      customWorkingDirectory = "/Users/danieltombor/Documents/projects/tmbr/tmbr"
      ignoresPersistentStateOnLaunch = "NO"
      debugDocumentVersioning = "YES"
      debugServiceExtension = "internal"
      allowLocationSimulation = "YES">
      <BuildableProductRunnable
         runnableDebuggingMode = "0">
         <BuildableReference
            BuildableIdentifier = "primary"
            BlueprintIdentifier = "App"
            BuildableName = "App"
            BlueprintName = "App"
            ReferencedContainer = "container:">
         </BuildableReference>
      </BuildableProductRunnable>
      <EnvironmentVariables>
         <EnvironmentVariable
            key = "DATABASE_HOST"
            value = "localhost"
            isEnabled = "YES">
         </EnvironmentVariable>
         <EnvironmentVariable
            key = "DATABASE_PORT"
            value = ""
            isEnabled = "YES">
         </EnvironmentVariable>
         <EnvironmentVariable
            key = "DATABASE_USERNAME"
            value = "postgres"
            isEnabled = "YES">
         </EnvironmentVariable>
         <EnvironmentVariable
            key = "DATABASE_PASSWORD"
            value = "password"
            isEnabled = "YES">
         </EnvironmentVariable>
         <EnvironmentVariable
            key = "DATABASE_NAME"
            value = "tmbr"
            isEnabled = "YES">
         </EnvironmentVariable>
         <EnvironmentVariable
            key = "SIWA_APP_ID"
            value = "me.tmbr.auth"
            isEnabled = "YES">
         </EnvironmentVariable>
         <EnvironmentVariable
            key = "SIWA_REDIRECT_URL"
            value = "https://35e0-90-203-224-197.ngrok-free.app/apple/auth"
            isEnabled = "YES">
         </EnvironmentVariable>
         <EnvironmentVariable
            key = "SIWA_TEAM_ID"
            value = "VNN8LWX58P"
            isEnabled = "YES">
         </EnvironmentVariable>
         <EnvironmentVariable
            key = "SIWA_KEY_ID"
            value = "P8JC5592S7"
            isEnabled = "YES">
         </EnvironmentVariable>
         <EnvironmentVariable
            key = "SIWA_KEY"
            value = "-----BEGIN PRIVATE KEY-----&#10;MIGTAgEAMBMGByqGSM49AgEGCCqGSM49AwEHBHkwdwIBAQQgSCmfSkXoqXTof9gN&#10;MOLnAZMRMs2w1C5RLlo31n39VrOgCgYIKoZIzj0DAQehRANCAASgymYzWJ7o8hi4&#10;sSUBrtOKXp5CD1F89BisUCWnng9nakpj58f+ljgOXa6bN52illlKGnzAZ2zYkVAH&#10;gMZ7U2rC&#10;-----END PRIVATE KEY-----"
            isEnabled = "YES">
         </EnvironmentVariable>
         <EnvironmentVariable
            key = "DATABASE_URL"
            value = ""
            isEnabled = "YES">
         </EnvironmentVariable>
      </EnvironmentVariables>
   </LaunchAction>
   <ProfileAction
      buildConfiguration = "Release"
      shouldUseLaunchSchemeArgsEnv = "YES"
      savedToolIdentifier = ""
      useCustomWorkingDirectory = "NO"
      debugDocumentVersioning = "YES">
      <BuildableProductRunnable
         runnableDebuggingMode = "0">
         <BuildableReference
            BuildableIdentifier = "primary"
            BlueprintIdentifier = "App"
            BuildableName = "App"
            BlueprintName = "App"
            ReferencedContainer = "container:">
         </BuildableReference>
      </BuildableProductRunnable>
   </ProfileAction>
   <AnalyzeAction
      buildConfiguration = "Debug">
   </AnalyzeAction>
   <ArchiveAction
      buildConfiguration = "Release"
      revealArchiveInOrganizer = "YES">
   </ArchiveAction>
</Scheme>
